
Microsoft Visual Studio Solution File, Format Version 11.00
# Visual Studio 2010
Project("{FAE04EC0-301F-11D3-BF4B-00C04F79EFBC}") = "Enterprise", "Enterprise\Enterprise.csproj", "{76F9E56F-FBBD-4078-AEC3-8E40A7D2FA07}"
EndProject
Project("{FAE04EC0-301F-11D3-BF4B-00C04F79EFBC}") = "Enterprise.Tests", "Enterprise.Tests\Enterprise.Tests.csproj", "{DBC2C28A-5443-43CF-8D74-4F68B838A752}"
EndProject
Global
	GlobalSection(SolutionConfigurationPlatforms) = preSolution
		Debug|Any CPU = Debug|Any CPU
		Release|Any CPU = Release|Any CPU
	EndGlobalSection
	GlobalSection(ProjectConfigurationPlatforms) = postSolution
		{76F9E56F-FBBD-4078-AEC3-8E40A7D2FA07}.Debug|Any CPU.ActiveCfg = Debug|Any CPU
		{76F9E56F-FBBD-4078-AEC3-8E40A7D2FA07}.Debug|Any CPU.Build.0 = Debug|Any CPU
		{76F9E56F-FBBD-4078-AEC3-8E40A7D2FA07}.Release|Any CPU.ActiveCfg = Release|Any CPU
		{76F9E56F-FBBD-4078-AEC3-8E40A7D2FA07}.Release|Any CPU.Build.0 = Release|Any CPU
		{DBC2C28A-5443-43CF-8D74-4F68B838A752}.Debug|Any CPU.ActiveCfg = Debug|Any CPU
		{DBC2C28A-5443-43CF-8D74-4F68B838A752}.Debug|Any CPU.Build.0 = Debug|Any CPU
		{DBC2C28A-5443-43CF-8D74-4F68B838A752}.Release|Any CPU.ActiveCfg = Release|Any CPU
		{DBC2C28A-5443-43CF-8D74-4F68B838A752}.Release|Any CPU.Build.0 = Release|Any CPU
	EndGlobalSection
	GlobalSection(SolutionProperties) = preSolution
		HideSolutionNode = FALSE
	EndGlobalSection
EndGlobal
