
Microsoft Visual Studio Solution File, Format Version 11.00
# Visual Studio 2010
Project("{FAE04EC0-301F-11D3-BF4B-00C04F79EFBC}") = "Enterprise", "Enterprise\Enterprise.csproj", "{8EA529A1-2E72-4003-AF76-3BB6BCC8D04D}"
EndProject
Project("{FAE04EC0-301F-11D3-BF4B-00C04F79EFBC}") = "Enterprise.Tests", "Enterprise.Tests\Enterprise.Tests.csproj", "{E26383C6-3B9A-444F-9428-EA6264AC9460}"
EndProject
Global
	GlobalSection(SolutionConfigurationPlatforms) = preSolution
		Debug|Any CPU = Debug|Any CPU
		Release|Any CPU = Release|Any CPU
	EndGlobalSection
	GlobalSection(ProjectConfigurationPlatforms) = postSolution
		{8EA529A1-2E72-4003-AF76-3BB6BCC8D04D}.Debug|Any CPU.ActiveCfg = Debug|Any CPU
		{8EA529A1-2E72-4003-AF76-3BB6BCC8D04D}.Debug|Any CPU.Build.0 = Debug|Any CPU
		{8EA529A1-2E72-4003-AF76-3BB6BCC8D04D}.Release|Any CPU.ActiveCfg = Release|Any CPU
		{8EA529A1-2E72-4003-AF76-3BB6BCC8D04D}.Release|Any CPU.Build.0 = Release|Any CPU
		{E26383C6-3B9A-444F-9428-EA6264AC9460}.Debug|Any CPU.ActiveCfg = Debug|Any CPU
		{E26383C6-3B9A-444F-9428-EA6264AC9460}.Debug|Any CPU.Build.0 = Debug|Any CPU
		{E26383C6-3B9A-444F-9428-EA6264AC9460}.Release|Any CPU.ActiveCfg = Release|Any CPU
		{E26383C6-3B9A-444F-9428-EA6264AC9460}.Release|Any CPU.Build.0 = Release|Any CPU
	EndGlobalSection
	GlobalSection(SolutionProperties) = preSolution
		HideSolutionNode = FALSE
	EndGlobalSection
EndGlobal
